// !$*UTF8*$!
{
	archiveVersion = 1;
	classes = {
	};
	objectVersion = 77;
	objects = {

/* Begin PBXBuildFile section */
		227BD423301F1893004CFBC9 /* DriveCheckKit in Frameworks */ = {isa = PBXBuildFile; productRef = 60D2A67AC797438EA606AD59 /* DriveCheckKit */; };
		227BD424301F1893004CFBC9 /* DriveCheckKit in Frameworks */ = {isa = PBXBuildFile; productRef = 6E5A123F4C3C4C96824D3101 /* DriveCheckKit */; };
		227BD425301F1893004CFBC9 /* DriveCheckKit in Frameworks */ = {isa = PBXBuildFile; productRef = D6644782E6C64C05ACC09AE7 /* DriveCheckKit */; };
		A1B2C3D40E5EE00E00WIDGET /* RegionalCheckWidgets.appex in Embed Foundation Extensions */ = {isa = PBXBuildFile; fileRef = A1B2C3D40E5EE00100WIDGET /* RegionalCheckWidgets.appex */; settings = {ATTRIBUTES = (RemoveHeadersOnCopy, ); }; };
/* End PBXBuildFile section */

/* Begin PBXContainerItemProxy section */
		509E63802E5EE1C000A13E04 /* PBXContainerItemProxy */ = {
			isa = PBXContainerItemProxy;
			containerPortal = 509E63662E5EE1BF00A13E04 /* Project object */;
			proxyType = 1;
			remoteGlobalIDString = 509E636D2E5EE1BF00A13E04;
			remoteInfo = RegionalCheck;
		};
		A1B2C3D40E5EE00F00WIDGET /* PBXContainerItemProxy */ = {
			isa = PBXContainerItemProxy;
			containerPortal = 509E63662E5EE1BF00A13E04 /* Project object */;
			proxyType = 1;
			remoteGlobalIDString = A1B2C3D40E5EE00200WIDGET;
			remoteInfo = RegionalCheckWidgets;
		};
/* End PBXContainerItemProxy section */

/* Begin PBXCopyFilesBuildPhase section */
		A1B2C3D40E5EE00D00WIDGET /* Embed Foundation Extensions */ = {
			isa = PBXCopyFilesBuildPhase;
			buildActionMask = 2147483647;
			dstPath = "";
			dstSubfolderSpec = 13;
			files = (
				A1B2C3D40E5EE00E00WIDGET /* RegionalCheckWidgets.appex in Embed Foundation Extensions */,
			);
			name = "Embed Foundation Extensions";
			runOnlyForDeploymentPostprocessing = 0;
		};
/* End PBXCopyFilesBuildPhase section */

/* Begin PBXFileReference section */
		509E636E2E5EE1BF00A13E04 /* RegionalCheck.app */ = {isa = PBXFileReference; explicitFileType = wrapper.application; includeInIndex = 0; path = RegionalCheck.app; sourceTree = BUILT_PRODUCTS_DIR; };
		509E637F2E5EE1C000A13E04 /* RegionalCheckTests.xctest */ = {isa = PBXFileReference; explicitFileType = wrapper.cfbundle; includeInIndex = 0; path = RegionalCheckTests.xctest; sourceTree = BUILT_PRODUCTS_DIR; };
		A1B2C3D40E5EE00100WIDGET /* RegionalCheckWidgets.appex */ = {isa = PBXFileReference; explicitFileType = "wrapper.app-extension"; includeInIndex = 0; path = RegionalCheckWidgets.appex; sourceTree = BUILT_PRODUCTS_DIR; };
/* End PBXFileReference section */

/* Begin PBXFileSystemSynchronizedBuildFileExceptionSet section */
		509E63912E5EE1C000A13E04 /* Exceptions for "RegionalCheck" folder in "RegionalCheck" target */ = {
			isa = PBXFileSystemSynchronizedBuildFileExceptionSet;
			membershipExceptions = (
				Resources/Info.plist,
				Resources/PrivacyInfo.xcprivacy,
				Resources/Products.storekit,
			);
			target = 509E636D2E5EE1BF00A13E04 /* RegionalCheck */;
		};
		A1B2C3D40E5EE00600WIDGET /* Exceptions for "RegionalCheckWidgets" folder in "RegionalCheckWidgets" target */ = {
			isa = PBXFileSystemSynchronizedBuildFileExceptionSet;
			membershipExceptions = (
				Info.plist,
				PrivacyInfo.xcprivacy,
			);
			target = A1B2C3D40E5EE00200WIDGET /* RegionalCheckWidgets */;
		};
/* End PBXFileSystemSynchronizedBuildFileExceptionSet section */

/* Begin PBXFileSystemSynchronizedRootGroup section */
		509E63702E5EE1BF00A13E04 /* RegionalCheck */ = {
			isa = PBXFileSystemSynchronizedRootGroup;
			exceptions = (
				509E63912E5EE1C000A13E04 /* Exceptions for "RegionalCheck" folder in "RegionalCheck" target */,
			);
			path = RegionalCheck;
			sourceTree = "<group>";
		};
		509E63822E5EE1C000A13E04 /* RegionalCheckTests */ = {
			isa = PBXFileSystemSynchronizedRootGroup;
			path = RegionalCheckTests;
			sourceTree = "<group>";
		};
		A1B2C3D40E5EE00500WIDGET /* RegionalCheckWidgets */ = {
			isa = PBXFileSystemSynchronizedRootGroup;
			exceptions = (
				A1B2C3D40E5EE00600WIDGET /* Exceptions for "RegionalCheckWidgets" folder in "RegionalCheckWidgets" target */,
			);
			path = RegionalCheckWidgets;
			sourceTree = "<group>";
		};
/* End PBXFileSystemSynchronizedRootGroup section */

/* Begin PBXFrameworksBuildPhase section */
		509E636B2E5EE1BF00A13E04 /* Frameworks */ = {
			isa = PBXFrameworksBuildPhase;
			buildActionMask = 2147483647;
			files = (
				227BD423301F1893004CFBC9 /* DriveCheckKit in Frameworks */,
			);
			runOnlyForDeploymentPostprocessing = 0;
		};
		509E637C2E5EE1C000A13E04 /* Frameworks */ = {
			isa = PBXFrameworksBuildPhase;
			buildActionMask = 2147483647;
			files = (
				227BD425301F1893004CFBC9 /* DriveCheckKit in Frameworks */,
			);
			runOnlyForDeploymentPostprocessing = 0;
		};
		A1B2C3D40E5EE00800WIDGET /* Frameworks */ = {
			isa = PBXFrameworksBuildPhase;
			buildActionMask = 2147483647;
			files = (
				227BD424301F1893004CFBC9 /* DriveCheckKit in Frameworks */,
			);
			runOnlyForDeploymentPostprocessing = 0;
		};
/* End PBXFrameworksBuildPhase section */

/* Begin PBXGroup section */
		509E63652E5EE1BF00A13E04 = {
			isa = PBXGroup;
			children = (
				509E63702E5EE1BF00A13E04 /* RegionalCheck */,
				509E63822E5EE1C000A13E04 /* RegionalCheckTests */,
				A1B2C3D40E5EE00500WIDGET /* RegionalCheckWidgets */,
				509E636F2E5EE1BF00A13E04 /* Products */,
			);
			sourceTree = "<group>";
		};
		509E636F2E5EE1BF00A13E04 /* Products */ = {
			isa = PBXGroup;
			children = (
				509E636E2E5EE1BF00A13E04 /* RegionalCheck.app */,
				509E637F2E5EE1C000A13E04 /* RegionalCheckTests.xctest */,
				A1B2C3D40E5EE00100WIDGET /* RegionalCheckWidgets.appex */,
			);
			name = Products;
			sourceTree = "<group>";
		};
/* End PBXGroup section */

/* Begin PBXNativeTarget section */
		509E636D2E5EE1BF00A13E04 /* RegionalCheck */ = {
			isa = PBXNativeTarget;
			buildConfigurationList = 509E63922E5EE1C000A13E04 /* Build configuration list for PBXNativeTarget "RegionalCheck" */;
			buildPhases = (
				509E636A2E5EE1BF00A13E04 /* Sources */,
				509E636B2E5EE1BF00A13E04 /* Frameworks */,
				509E636C2E5EE1BF00A13E04 /* Resources */,
				A1B2C3D40E5EE00D00WIDGET /* Embed Foundation Extensions */,
			);
			buildRules = (
			);
			dependencies = (
				A1B2C3D40E5EE01000WIDGET /* PBXTargetDependency */,
			);
			fileSystemSynchronizedGroups = (
				509E63702E5EE1BF00A13E04 /* RegionalCheck */,
			);
			name = RegionalCheck;
			packageProductDependencies = (
				60D2A67AC797438EA606AD59 /* DriveCheckKit */,
			);
			productName = RegionalCheck;
			productReference = 509E636E2E5EE1BF00A13E04 /* RegionalCheck.app */;
			productType = "com.apple.product-type.application";
		};
		509E637E2E5EE1C000A13E04 /* RegionalCheckTests */ = {
			isa = PBXNativeTarget;
			buildConfigurationList = 509E63972E5EE1C000A13E04 /* Build configuration list for PBXNativeTarget "RegionalCheckTests" */;
			buildPhases = (
				509E637B2E5EE1C000A13E04 /* Sources */,
				509E637C2E5EE1C000A13E04 /* Frameworks */,
				509E637D2E5EE1C000A13E04 /* Resources */,
			);
			buildRules = (
			);
			dependencies = (
				509E63812E5EE1C000A13E04 /* PBXTargetDependency */,
			);
			fileSystemSynchronizedGroups = (
				509E63822E5EE1C000A13E04 /* RegionalCheckTests */,
			);
			name = RegionalCheckTests;
			packageProductDependencies = (
				D6644782E6C64C05ACC09AE7 /* DriveCheckKit */,
			);
			productName = RegionalCheckTests;
			productReference = 509E637F2E5EE1C000A13E04 /* RegionalCheckTests.xctest */;
			productType = "com.apple.product-type.bundle.unit-test";
		};
		A1B2C3D40E5EE00200WIDGET /* RegionalCheckWidgets */ = {
			isa = PBXNativeTarget;
			buildConfigurationList = A1B2C3D40E5EE00A00WIDGET /* Build configuration list for PBXNativeTarget "RegionalCheckWidgets" */;
			buildPhases = (
				A1B2C3D40E5EE00700WIDGET /* Sources */,
				A1B2C3D40E5EE00800WIDGET /* Frameworks */,
				A1B2C3D40E5EE00900WIDGET /* Resources */,
			);
			buildRules = (
			);
			dependencies = (
			);
			fileSystemSynchronizedGroups = (
				A1B2C3D40E5EE00500WIDGET /* RegionalCheckWidgets */,
			);
			name = RegionalCheckWidgets;
			packageProductDependencies = (
				6E5A123F4C3C4C96824D3101 /* DriveCheckKit */,
			);
			productName = RegionalCheckWidgets;
			productReference = A1B2C3D40E5EE00100WIDGET /* RegionalCheckWidgets.appex */;
			productType = "com.apple.product-type.app-extension";
		};
/* End PBXNativeTarget section */

/* Begin PBXProject section */
		509E63662E5EE1BF00A13E04 /* Project object */ = {
			isa = PBXProject;
			attributes = {
				BuildIndependentTargetsInParallel = 1;
				LastSwiftUpdateCheck = 1640;
				LastUpgradeCheck = 2700;
				TargetAttributes = {
					509E636D2E5EE1BF00A13E04 = {
						CreatedOnToolsVersion = 16.4;
					};
					509E637E2E5EE1C000A13E04 = {
						CreatedOnToolsVersion = 16.4;
						TestTargetID = 509E636D2E5EE1BF00A13E04;
					};
					A1B2C3D40E5EE00200WIDGET = {
						CreatedOnToolsVersion = 16.4;
					};
				};
			};
			buildConfigurationList = 509E63692E5EE1BF00A13E04 /* Build configuration list for PBXProject "RegionalCheck" */;
			developmentRegion = en;
			hasScannedForEncodings = 0;
			knownRegions = (
				en,
				ru,
				uk,
				Base,
			);
			mainGroup = 509E63652E5EE1BF00A13E04;
			minimizedProjectReferenceProxies = 1;
			packageReferences = (
				D2D12FC43BDF47C8BF763B2A /* XCLocalSwiftPackageReference "Packages/DriveCheckKit" */,
			);
			preferredProjectObjectVersion = 77;
			productRefGroup = 509E636F2E5EE1BF00A13E04 /* Products */;
			projectDirPath = "";
			projectRoot = "";
			targets = (
				509E636D2E5EE1BF00A13E04 /* RegionalCheck */,
				509E637E2E5EE1C000A13E04 /* RegionalCheckTests */,
				A1B2C3D40E5EE00200WIDGET /* RegionalCheckWidgets */,
			);
		};
/* End PBXProject section */

/* Begin PBXResourcesBuildPhase section */
		509E636C2E5EE1BF00A13E04 /* Resources */ = {
			isa = PBXResourcesBuildPhase;
			buildActionMask = 2147483647;
			files = (
			);
			runOnlyForDeploymentPostprocessing = 0;
		};
		509E637D2E5EE1C000A13E04 /* Resources */ = {
			isa = PBXResourcesBuildPhase;
			buildActionMask = 2147483647;
			files = (
			);
			runOnlyForDeploymentPostprocessing = 0;
		};
		A1B2C3D40E5EE00900WIDGET /* Resources */ = {
			isa = PBXResourcesBuildPhase;
			buildActionMask = 2147483647;
			files = (
			);
			runOnlyForDeploymentPostprocessing = 0;
		};
/* End PBXResourcesBuildPhase section */

/* Begin PBXSourcesBuildPhase section */
		509E636A2E5EE1BF00A13E04 /* Sources */ = {
			isa = PBXSourcesBuildPhase;
			buildActionMask = 2147483647;
			files = (
			);
			runOnlyForDeploymentPostprocessing = 0;
		};
		509E637B2E5EE1C000A13E04 /* Sources */ = {
			isa = PBXSourcesBuildPhase;
			buildActionMask = 2147483647;
			files = (
			);
			runOnlyForDeploymentPostprocessing = 0;
		};
		A1B2C3D40E5EE00700WIDGET /* Sources */ = {
			isa = PBXSourcesBuildPhase;
			buildActionMask = 2147483647;
			files = (
			);
			runOnlyForDeploymentPostprocessing = 0;
		};
/* End PBXSourcesBuildPhase section */

/* Begin PBXTargetDependency section */
		509E63812E5EE1C000A13E04 /* PBXTargetDependency */ = {
			isa = PBXTargetDependency;
			target = 509E636D2E5EE1BF00A13E04 /* RegionalCheck */;
			targetProxy = 509E63802E5EE1C000A13E04 /* PBXContainerItemProxy */;
		};
		A1B2C3D40E5EE01000WIDGET /* PBXTargetDependency */ = {
			isa = PBXTargetDependency;
			target = A1B2C3D40E5EE00200WIDGET /* RegionalCheckWidgets */;
			targetProxy = A1B2C3D40E5EE00F00WIDGET /* PBXContainerItemProxy */;
		};
/* End PBXTargetDependency section */

/* Begin XCBuildConfiguration section */
		509E63932E5EE1C000A13E04 /* Debug */ = {
			isa = XCBuildConfiguration;
			buildSettings = {
				ASSETCATALOG_COMPILER_ALTERNATE_APPICON_NAMES = "AppIcon-Pro";
				ASSETCATALOG_COMPILER_APPICON_NAME = AppIcon;
				ASSETCATALOG_COMPILER_INCLUDE_ALL_APPICON_ASSETS = YES;
				CODE_SIGN_ENTITLEMENTS = RegionalCheck/Resources/RegionalCheck.entitlements;
				CODE_SIGN_STYLE = Automatic;
				CURRENT_PROJECT_VERSION = 1;
				DEVELOPMENT_TEAM = BTHRDS7254;
				ENABLE_PREVIEWS = YES;
				GENERATE_INFOPLIST_FILE = YES;
				INFOPLIST_FILE = RegionalCheck/Resources/Info.plist;
				INFOPLIST_KEY_CFBundleDisplayName = "Drive Check";
				INFOPLIST_KEY_LSApplicationCategoryType = "public.app-category.utilities";
				INFOPLIST_KEY_NSSupportsLiveActivities = YES;
				INFOPLIST_KEY_UIApplicationSceneManifest_Generation = NO;
				INFOPLIST_KEY_UIApplicationSupportsIndirectInputEvents = YES;
				INFOPLIST_KEY_UILaunchScreen_Generation = NO;
				INFOPLIST_KEY_UIStatusBarStyle = UIStatusBarStyleLightContent;
				INFOPLIST_KEY_UISupportedInterfaceOrientations = "UIInterfaceOrientationPortrait UIInterfaceOrientationLandscapeLeft UIInterfaceOrientationLandscapeRight";
				IPHONEOS_DEPLOYMENT_TARGET = 26.0;
				LD_RUNPATH_SEARCH_PATHS = "@executable_path/Frameworks";
				MARKETING_VERSION = 2.3;
				PRODUCT_BUNDLE_IDENTIFIER = vil4max.RegionalCheck;
				PRODUCT_NAME = "$(TARGET_NAME)";
				SDKROOT = iphoneos;
				SUPPORTED_PLATFORMS = "iphoneos iphonesimulator";
				SWIFT_EMIT_LOC_STRINGS = YES;
				SWIFT_VERSION = 5.0;
				TARGETED_DEVICE_FAMILY = 1;
			};
			name = Debug;
		};
		509E63942E5EE1C000A13E04 /* Release */ = {
			isa = XCBuildConfiguration;
			buildSettings = {
				ASSETCATALOG_COMPILER_ALTERNATE_APPICON_NAMES = "AppIcon-Pro";
				ASSETCATALOG_COMPILER_APPICON_NAME = AppIcon;
				ASSETCATALOG_COMPILER_INCLUDE_ALL_APPICON_ASSETS = YES;
				CODE_SIGN_ENTITLEMENTS = RegionalCheck/Resources/RegionalCheck.entitlements;
				CODE_SIGN_STYLE = Automatic;
				CURRENT_PROJECT_VERSION = 1;
				DEVELOPMENT_TEAM = BTHRDS7254;
				ENABLE_PREVIEWS = YES;
				GENERATE_INFOPLIST_FILE = YES;
				INFOPLIST_FILE = RegionalCheck/Resources/Info.plist;
				INFOPLIST_KEY_CFBundleDisplayName = "Drive Check";
				INFOPLIST_KEY_LSApplicationCategoryType = "public.app-category.utilities";
				INFOPLIST_KEY_NSSupportsLiveActivities = YES;
				INFOPLIST_KEY_UIApplicationSceneManifest_Generation = NO;
				INFOPLIST_KEY_UIApplicationSupportsIndirectInputEvents = YES;
				INFOPLIST_KEY_UILaunchScreen_Generation = NO;
				INFOPLIST_KEY_UIStatusBarStyle = UIStatusBarStyleLightContent;
				INFOPLIST_KEY_UISupportedInterfaceOrientations = "UIInterfaceOrientationPortrait UIInterfaceOrientationLandscapeLeft UIInterfaceOrientationLandscapeRight";
				IPHONEOS_DEPLOYMENT_TARGET = 26.0;
				LD_RUNPATH_SEARCH_PATHS = "@executable_path/Frameworks";
				MARKETING_VERSION = 2.3;
				PRODUCT_BUNDLE_IDENTIFIER = vil4max.RegionalCheck;
				PRODUCT_NAME = "$(TARGET_NAME)";
				SDKROOT = iphoneos;
				SUPPORTED_PLATFORMS = "iphoneos iphonesimulator";
				SWIFT_EMIT_LOC_STRINGS = YES;
				SWIFT_VERSION = 5.0;
				TARGETED_DEVICE_FAMILY = 1;
			};
			name = Release;
		};
		509E63952E5EE1C000A13E04 /* Debug */ = {
			isa = XCBuildConfiguration;
			buildSettings = {
				ALWAYS_SEARCH_USER_PATHS = NO;
				ARCHS = arm64;
				ASSETCATALOG_COMPILER_GENERATE_SWIFT_ASSET_SYMBOL_EXTENSIONS = YES;
				CLANG_ANALYZER_LOCALIZABILITY_NONLOCALIZED = YES;
				CLANG_ANALYZER_NONNULL = YES;
				CLANG_ANALYZER_NUMBER_OBJECT_CONVERSION = YES_AGGRESSIVE;
				CLANG_ENABLE_MODULES = YES;
				CLANG_ENABLE_OBJC_ARC = YES;
				CLANG_ENABLE_OBJC_WEAK = YES;
				CLANG_WARN_BLOCK_CAPTURE_AUTORELEASING = YES;
				CLANG_WARN_BOOL_CONVERSION = YES;
				CLANG_WARN_COMMA = YES;
				CLANG_WARN_CONSTANT_CONVERSION = YES;
				CLANG_WARN_DEPRECATED_OBJC_IMPLEMENTATIONS = YES;
				CLANG_WARN_DIRECT_OBJC_ISA_USAGE = YES_ERROR;
				CLANG_WARN_DOCUMENTATION_COMMENTS = YES;
				CLANG_WARN_EMPTY_BODY = YES;
				CLANG_WARN_ENUM_CONVERSION = YES;
				CLANG_WARN_INFINITE_RECURSION = YES;
				CLANG_WARN_INT_CONVERSION = YES;
				CLANG_WARN_NON_LITERAL_NULL_CONVERSION = YES;
				CLANG_WARN_OBJC_IMPLICIT_RETAIN_SELF = YES;
				CLANG_WARN_OBJC_LITERAL_CONVERSION = YES;
				CLANG_WARN_OBJC_ROOT_CLASS = YES_ERROR;
				CLANG_WARN_QUOTED_INCLUDE_IN_FRAMEWORK_HEADER = YES;
				CLANG_WARN_RANGE_LOOP_ANALYSIS = YES;
				CLANG_WARN_STRICT_PROTOTYPES = YES;
				CLANG_WARN_SUSPICIOUS_MOVE = YES;
				CLANG_WARN_UNGUARDED_AVAILABILITY = YES_AGGRESSIVE;
				CLANG_WARN_UNREACHABLE_CODE = YES;
				CLANG_WARN__DUPLICATE_METHOD_MATCH = YES;
				COPY_PHASE_STRIP = NO;
				DEBUG_INFORMATION_FORMAT = dwarf;
				DEVELOPMENT_TEAM = BTHRDS7254;
				ENABLE_STRICT_OBJC_MSGSEND = YES;
				ENABLE_TESTABILITY = YES;
				ENABLE_USER_SCRIPT_SANDBOXING = YES;
				GCC_C_LANGUAGE_STANDARD = gnu17;
				GCC_DYNAMIC_NO_PIC = NO;
				GCC_NO_COMMON_BLOCKS = YES;
				GCC_OPTIMIZATION_LEVEL = 0;
				GCC_PREPROCESSOR_DEFINITIONS = (
					"DEBUG=1",
					"$(inherited)",
				);
				GCC_WARN_64_TO_32_BIT_CONVERSION = YES;
				GCC_WARN_ABOUT_RETURN_TYPE = YES_ERROR;
				GCC_WARN_UNDECLARED_SELECTOR = YES;
				GCC_WARN_UNINITIALIZED_AUTOS = YES_AGGRESSIVE;
				GCC_WARN_UNUSED_FUNCTION = YES;
				GCC_WARN_UNUSED_VARIABLE = YES;
				IPHONEOS_DEPLOYMENT_TARGET = 26.0;
				LOCALIZATION_PREFERS_STRING_CATALOGS = YES;
				ONLY_ACTIVE_ARCH = YES;
				SDKROOT = iphoneos;
				STRING_CATALOG_GENERATE_SYMBOLS = YES;
				SWIFT_ACTIVE_COMPILATION_CONDITIONS = "DEBUG $(inherited)";
				SWIFT_OPTIMIZATION_LEVEL = "-Onone";
			};
			name = Debug;
		};
		509E63962E5EE1C000A13E04 /* Release */ = {
			isa = XCBuildConfiguration;
			buildSettings = {
				ALWAYS_SEARCH_USER_PATHS = NO;
				ARCHS = arm64;
				ASSETCATALOG_COMPILER_GENERATE_SWIFT_ASSET_SYMBOL_EXTENSIONS = YES;
				CLANG_ANALYZER_LOCALIZABILITY_NONLOCALIZED = YES;
				CLANG_ANALYZER_NONNULL = YES;
				CLANG_ANALYZER_NUMBER_OBJECT_CONVERSION = YES_AGGRESSIVE;
				CLANG_ENABLE_MODULES = YES;
				CLANG_ENABLE_OBJC_ARC = YES;
				CLANG_ENABLE_OBJC_WEAK = YES;
				CLANG_WARN_BLOCK_CAPTURE_AUTORELEASING = YES;
				CLANG_WARN_BOOL_CONVERSION = YES;
				CLANG_WARN_COMMA = YES;
				CLANG_WARN_CONSTANT_CONVERSION = YES;
				CLANG_WARN_DEPRECATED_OBJC_IMPLEMENTATIONS = YES;
				CLANG_WARN_DIRECT_OBJC_ISA_USAGE = YES_ERROR;
				CLANG_WARN_DOCUMENTATION_COMMENTS = YES;
				CLANG_WARN_EMPTY_BODY = YES;
				CLANG_WARN_ENUM_CONVERSION = YES;
				CLANG_WARN_INFINITE_RECURSION = YES;
				CLANG_WARN_INT_CONVERSION = YES;
				CLANG_WARN_NON_LITERAL_NULL_CONVERSION = YES;
				CLANG_WARN_OBJC_IMPLICIT_RETAIN_SELF = YES;
				CLANG_WARN_OBJC_LITERAL_CONVERSION = YES;
				CLANG_WARN_OBJC_ROOT_CLASS = YES_ERROR;
				CLANG_WARN_QUOTED_INCLUDE_IN_FRAMEWORK_HEADER = YES;
				CLANG_WARN_RANGE_LOOP_ANALYSIS = YES;
				CLANG_WARN_STRICT_PROTOTYPES = YES;
				CLANG_WARN_SUSPICIOUS_MOVE = YES;
				CLANG_WARN_UNGUARDED_AVAILABILITY = YES_AGGRESSIVE;
				CLANG_WARN_UNREACHABLE_CODE = YES;
				CLANG_WARN__DUPLICATE_METHOD_MATCH = YES;
				COPY_PHASE_STRIP = NO;
				DEBUG_INFORMATION_FORMAT = "dwarf-with-dsym";
				DEVELOPMENT_TEAM = BTHRDS7254;
				ENABLE_NS_ASSERTIONS = NO;
				ENABLE_STRICT_OBJC_MSGSEND = YES;
				ENABLE_USER_SCRIPT_SANDBOXING = YES;
				GCC_C_LANGUAGE_STANDARD = gnu17;
				GCC_NO_COMMON_BLOCKS = YES;
				GCC_WARN_64_TO_32_BIT_CONVERSION = YES;
				GCC_WARN_ABOUT_RETURN_TYPE = YES_ERROR;
				GCC_WARN_UNDECLARED_SELECTOR = YES;
				GCC_WARN_UNINITIALIZED_AUTOS = YES_AGGRESSIVE;
				GCC_WARN_UNUSED_FUNCTION = YES;
				GCC_WARN_UNUSED_VARIABLE = YES;
				IPHONEOS_DEPLOYMENT_TARGET = 26.0;
				LOCALIZATION_PREFERS_STRING_CATALOGS = YES;
				SDKROOT = iphoneos;
				STRING_CATALOG_GENERATE_SYMBOLS = YES;
				SWIFT_COMPILATION_MODE = wholemodule;
			};
			name = Release;
		};
		509E63982E5EE1C000A13E04 /* Debug */ = {
			isa = XCBuildConfiguration;
			buildSettings = {
				BUNDLE_LOADER = "$(TEST_HOST)";
				CODE_SIGN_STYLE = Automatic;
				CURRENT_PROJECT_VERSION = 1;
				DEVELOPMENT_TEAM = BTHRDS7254;
				GENERATE_INFOPLIST_FILE = YES;
				IPHONEOS_DEPLOYMENT_TARGET = 26.0;
				MARKETING_VERSION = 2.0;
				PRODUCT_BUNDLE_IDENTIFIER = vil4max.RegionalCheckTests;
				PRODUCT_NAME = "$(TARGET_NAME)";
				SDKROOT = iphoneos;
				SUPPORTED_PLATFORMS = "iphoneos iphonesimulator";
				SWIFT_EMIT_LOC_STRINGS = NO;
				SWIFT_VERSION = 5.0;
				TARGETED_DEVICE_FAMILY = 1;
				TEST_HOST = "$(BUILT_PRODUCTS_DIR)/RegionalCheck.app/$(BUNDLE_EXECUTABLE_FOLDER_PATH)/RegionalCheck";
			};
			name = Debug;
		};
		509E63992E5EE1C000A13E04 /* Release */ = {
			isa = XCBuildConfiguration;
			buildSettings = {
				BUNDLE_LOADER = "$(TEST_HOST)";
				CODE_SIGN_STYLE = Automatic;
				CURRENT_PROJECT_VERSION = 1;
				DEVELOPMENT_TEAM = BTHRDS7254;
				GENERATE_INFOPLIST_FILE = YES;
				IPHONEOS_DEPLOYMENT_TARGET = 26.0;
				MARKETING_VERSION = 2.0;
				PRODUCT_BUNDLE_IDENTIFIER = vil4max.RegionalCheckTests;
				PRODUCT_NAME = "$(TARGET_NAME)";
				SDKROOT = iphoneos;
				SUPPORTED_PLATFORMS = "iphoneos iphonesimulator";
				SWIFT_EMIT_LOC_STRINGS = NO;
				SWIFT_VERSION = 5.0;
				TARGETED_DEVICE_FAMILY = 1;
				TEST_HOST = "$(BUILT_PRODUCTS_DIR)/RegionalCheck.app/$(BUNDLE_EXECUTABLE_FOLDER_PATH)/RegionalCheck";
			};
			name = Release;
		};
		A1B2C3D40E5EE00B00WIDGET /* Debug */ = {
			isa = XCBuildConfiguration;
			buildSettings = {
				CODE_SIGN_ENTITLEMENTS = RegionalCheckWidgets/RegionalCheckWidgets.entitlements;
				CODE_SIGN_STYLE = Automatic;
				CURRENT_PROJECT_VERSION = 1;
				DEVELOPMENT_TEAM = BTHRDS7254;
				GENERATE_INFOPLIST_FILE = YES;
				INFOPLIST_FILE = RegionalCheckWidgets/Info.plist;
				INFOPLIST_KEY_CFBundleDisplayName = RegionalCheckWidgets;
				INFOPLIST_KEY_NSHumanReadableCopyright = "";
				IPHONEOS_DEPLOYMENT_TARGET = 26.0;
				LD_RUNPATH_SEARCH_PATHS = (
					"$(inherited)",
					"@executable_path/Frameworks",
					"@executable_path/../../Frameworks",
				);
				MARKETING_VERSION = 2.3;
				PRODUCT_BUNDLE_IDENTIFIER = vil4max.RegionalCheck.widgets;
				PRODUCT_NAME = "$(TARGET_NAME)";
				SDKROOT = iphoneos;
				SKIP_INSTALL = YES;
				SUPPORTED_PLATFORMS = "iphoneos iphonesimulator";
				SWIFT_EMIT_LOC_STRINGS = YES;
				SWIFT_VERSION = 5.0;
				TARGETED_DEVICE_FAMILY = 1;
			};
			name = Debug;
		};
		A1B2C3D40E5EE00C00WIDGET /* Release */ = {
			isa = XCBuildConfiguration;
			buildSettings = {
				CODE_SIGN_ENTITLEMENTS = RegionalCheckWidgets/RegionalCheckWidgets.entitlements;
				CODE_SIGN_STYLE = Automatic;
				CURRENT_PROJECT_VERSION = 1;
				DEVELOPMENT_TEAM = BTHRDS7254;
				GENERATE_INFOPLIST_FILE = YES;
				INFOPLIST_FILE = RegionalCheckWidgets/Info.plist;
				INFOPLIST_KEY_CFBundleDisplayName = RegionalCheckWidgets;
				INFOPLIST_KEY_NSHumanReadableCopyright = "";
				IPHONEOS_DEPLOYMENT_TARGET = 26.0;
				LD_RUNPATH_SEARCH_PATHS = (
					"$(inherited)",
					"@executable_path/Frameworks",
					"@executable_path/../../Frameworks",
				);
				MARKETING_VERSION = 2.3;
				PRODUCT_BUNDLE_IDENTIFIER = vil4max.RegionalCheck.widgets;
				PRODUCT_NAME = "$(TARGET_NAME)";
				SDKROOT = iphoneos;
				SKIP_INSTALL = YES;
				SUPPORTED_PLATFORMS = "iphoneos iphonesimulator";
				SWIFT_EMIT_LOC_STRINGS = YES;
				SWIFT_VERSION = 5.0;
				TARGETED_DEVICE_FAMILY = 1;
			};
			name = Release;
		};
/* End XCBuildConfiguration section */

/* Begin XCConfigurationList section */
		509E63692E5EE1BF00A13E04 /* Build configuration list for PBXProject "RegionalCheck" */ = {
			isa = XCConfigurationList;
			buildConfigurations = (
				509E63952E5EE1C000A13E04 /* Debug */,
				509E63962E5EE1C000A13E04 /* Release */,
			);
			defaultConfigurationIsVisible = 0;
			defaultConfigurationName = Release;
		};
		509E63922E5EE1C000A13E04 /* Build configuration list for PBXNativeTarget "RegionalCheck" */ = {
			isa = XCConfigurationList;
			buildConfigurations = (
				509E63932E5EE1C000A13E04 /* Debug */,
				509E63942E5EE1C000A13E04 /* Release */,
			);
			defaultConfigurationIsVisible = 0;
			defaultConfigurationName = Release;
		};
		509E63972E5EE1C000A13E04 /* Build configuration list for PBXNativeTarget "RegionalCheckTests" */ = {
			isa = XCConfigurationList;
			buildConfigurations = (
				509E63982E5EE1C000A13E04 /* Debug */,
				509E63992E5EE1C000A13E04 /* Release */,
			);
			defaultConfigurationIsVisible = 0;
			defaultConfigurationName = Release;
		};
		A1B2C3D40E5EE00A00WIDGET /* Build configuration list for PBXNativeTarget "RegionalCheckWidgets" */ = {
			isa = XCConfigurationList;
			buildConfigurations = (
				A1B2C3D40E5EE00B00WIDGET /* Debug */,
				A1B2C3D40E5EE00C00WIDGET /* Release */,
			);
			defaultConfigurationIsVisible = 0;
			defaultConfigurationName = Release;
		};
/* End XCConfigurationList section */

/* Begin XCLocalSwiftPackageReference section */
		D2D12FC43BDF47C8BF763B2A /* XCLocalSwiftPackageReference "Packages/DriveCheckKit" */ = {
			isa = XCLocalSwiftPackageReference;
			relativePath = Packages/DriveCheckKit;
		};
/* End XCLocalSwiftPackageReference section */

/* Begin XCSwiftPackageProductDependency section */
		60D2A67AC797438EA606AD59 /* DriveCheckKit */ = {
			isa = XCSwiftPackageProductDependency;
			package = D2D12FC43BDF47C8BF763B2A /* XCLocalSwiftPackageReference "Packages/DriveCheckKit" */;
			productName = DriveCheckKit;
		};
		6E5A123F4C3C4C96824D3101 /* DriveCheckKit */ = {
			isa = XCSwiftPackageProductDependency;
			package = D2D12FC43BDF47C8BF763B2A /* XCLocalSwiftPackageReference "Packages/DriveCheckKit" */;
			productName = DriveCheckKit;
		};
		D6644782E6C64C05ACC09AE7 /* DriveCheckKit */ = {
			isa = XCSwiftPackageProductDependency;
			package = D2D12FC43BDF47C8BF763B2A /* XCLocalSwiftPackageReference "Packages/DriveCheckKit" */;
			productName = DriveCheckKit;
		};
/* End XCSwiftPackageProductDependency section */
	};
	rootObject = 509E63662E5EE1BF00A13E04 /* Project object */;
}
